Microsoft Visual Studio Solution File, Format Version 12.00
# Visual Studio Version 17
VisualStudioVersion = 17.5.2.0
MinimumVisualStudioVersion = 10.0.40219.1
Project("{FAE04EC0-301F-11D3-BF4B-00C04F79EFBC}") = "ChessServer", "ChessServer.csproj", "{49C8D176-52D0-AA88-777D-35C9928D5FED}"
EndProject
Global
	GlobalSection(SolutionConfigurationPlatforms) = preSolution
		Debug|Any CPU = Debug|Any CPU
		Release|Any CPU = Release|Any CPU
	EndGlobalSection
	GlobalSection(ProjectConfigurationPlatforms) = postSolution
		{49C8D176-52D0-AA88-777D-35C9928D5FED}.Debug|Any CPU.ActiveCfg = Debug|Any CPU
		{49C8D176-52D0-AA88-777D-35C9928D5FED}.Debug|Any CPU.Build.0 = Debug|Any CPU
		{49C8D176-52D0-AA88-777D-35C9928D5FED}.Release|Any CPU.ActiveCfg = Release|Any CPU
		{49C8D176-52D0-AA88-777D-35C9928D5FED}.Release|Any CPU.Build.0 = Release|Any CPU
	EndGlobalSection
	GlobalSection(SolutionProperties) = preSolution
		HideSolutionNode = FALSE
	EndGlobalSection
	GlobalSection(ExtensibilityGlobals) = postSolution
		SolutionGuid = {6C9C486A-B469-4264-9F8A-D4ED04AD95EA}
	EndGlobalSection
EndGlobal
