
Microsoft Visual Studio Solution File, Format Version 12.00
# Visual Studio Version 17
VisualStudioVersion = 17.14.36511.14 d17.14
MinimumVisualStudioVersion = 10.0.40219.1
Project("{FAE04EC0-301F-11D3-BF4B-00C04F79EFBC}") = "ChessServer", "ChessServer\ChessServer.csproj", "{83DF24DD-22A8-461A-B328-FFFB1E54C99F}"
EndProject
Global
	GlobalSection(SolutionConfigurationPlatforms) = preSolution
		Debug|Any CPU = Debug|Any CPU
		Release|Any CPU = Release|Any CPU
	EndGlobalSection
	GlobalSection(ProjectConfigurationPlatforms) = postSolution
		{83DF24DD-22A8-461A-B328-FFFB1E54C99F}.Debug|Any CPU.ActiveCfg = Debug|Any CPU
		{83DF24DD-22A8-461A-B328-FFFB1E54C99F}.Debug|Any CPU.Build.0 = Debug|Any CPU
		{83DF24DD-22A8-461A-B328-FFFB1E54C99F}.Release|Any CPU.ActiveCfg = Release|Any CPU
		{83DF24DD-22A8-461A-B328-FFFB1E54C99F}.Release|Any CPU.Build.0 = Release|Any CPU
	EndGlobalSection
	GlobalSection(SolutionProperties) = preSolution
		HideSolutionNode = FALSE
	EndGlobalSection
	GlobalSection(ExtensibilityGlobals) = postSolution
		SolutionGuid = {A6600823-9C2A-4A98-8D47-F7AA47A45914}
	EndGlobalSection
EndGlobal
